
Microsoft Visual Studio Solution File, Format Version 12.00
# Visual Studio Version 16
VisualStudioVersion = 16.0.32510.428
MinimumVisualStudioVersion = 10.0.40219.1
Project("{FAE04EC0-301F-11D3-BF4B-00C04F79EFBC}") = "Vistas", "Vistas\Vistas.csproj", "{87CEDFBF-8C76-4736-A9DC-20A40D0A36B0}"
EndProject
Project("{FAE04EC0-301F-11D3-BF4B-00C04F79EFBC}") = "DAO", "DAO\DAO.csproj", "{DF6178EE-7F66-4E9A-84F4-7193CEF618C9}"
EndProject
Project("{FAE04EC0-301F-11D3-BF4B-00C04F79EFBC}") = "Entidades", "Entidades\Entidades.csproj", "{20E74BF0-0DCF-47DF-A3B9-95589764EB40}"
EndProject
Project("{FAE04EC0-301F-11D3-BF4B-00C04F79EFBC}") = "Negocio", "Negocio\Negocio.csproj", "{72409CEC-5B04-4DD0-ADA6-DFA5F0B113B4}"
EndProject
Global
	GlobalSection(SolutionConfigurationPlatforms) = preSolution
		Debug|Any CPU = Debug|Any CPU
		Release|Any CPU = Release|Any CPU
	EndGlobalSection
	GlobalSection(ProjectConfigurationPlatforms) = postSolution
		{87CEDFBF-8C76-4736-A9DC-20A40D0A36B0}.Debug|Any CPU.ActiveCfg = Debug|Any CPU
		{87CEDFBF-8C76-4736-A9DC-20A40D0A36B0}.Debug|Any CPU.Build.0 = Debug|Any CPU
		{87CEDFBF-8C76-4736-A9DC-20A40D0A36B0}.Release|Any CPU.ActiveCfg = Release|Any CPU
		{87CEDFBF-8C76-4736-A9DC-20A40D0A36B0}.Release|Any CPU.Build.0 = Release|Any CPU
		{DF6178EE-7F66-4E9A-84F4-7193CEF618C9}.Debug|Any CPU.ActiveCfg = Debug|Any CPU
		{DF6178EE-7F66-4E9A-84F4-7193CEF618C9}.Debug|Any CPU.Build.0 = Debug|Any CPU
		{DF6178EE-7F66-4E9A-84F4-7193CEF618C9}.Release|Any CPU.ActiveCfg = Release|Any CPU
		{DF6178EE-7F66-4E9A-84F4-7193CEF618C9}.Release|Any CPU.Build.0 = Release|Any CPU
		{20E74BF0-0DCF-47DF-A3B9-95589764EB40}.Debug|Any CPU.ActiveCfg = Debug|Any CPU
		{20E74BF0-0DCF-47DF-A3B9-95589764EB40}.Debug|Any CPU.Build.0 = Debug|Any CPU
		{20E74BF0-0DCF-47DF-A3B9-95589764EB40}.Release|Any CPU.ActiveCfg = Release|Any CPU
		{20E74BF0-0DCF-47DF-A3B9-95589764EB40}.Release|Any CPU.Build.0 = Release|Any CPU
		{72409CEC-5B04-4DD0-ADA6-DFA5F0B113B4}.Debug|Any CPU.ActiveCfg = Debug|Any CPU
		{72409CEC-5B04-4DD0-ADA6-DFA5F0B113B4}.Debug|Any CPU.Build.0 = Debug|Any CPU
		{72409CEC-5B04-4DD0-ADA6-DFA5F0B113B4}.Release|Any CPU.ActiveCfg = Release|Any CPU
		{72409CEC-5B04-4DD0-ADA6-DFA5F0B113B4}.Release|Any CPU.Build.0 = Release|Any CPU
	EndGlobalSection
	GlobalSection(SolutionProperties) = preSolution
		HideSolutionNode = FALSE
	EndGlobalSection
	GlobalSection(ExtensibilityGlobals) = postSolution
		SolutionGuid = {19E8D2EB-5C7F-4126-8740-0173D9E0AB05}
	EndGlobalSection
EndGlobal
